
Microsoft Visual Studio Solution File, Format Version 12.00
# Visual Studio Version 17
VisualStudioVersion = 17.3.32929.385
MinimumVisualStudioVersion = 10.0.40219.1
Project("{9A19103F-16F7-4668-BE54-9A1E7A4F7556}") = "AccelByte.Sdk.Abstractions", "AccelByte.Sdk.Abstractions\AccelByte.Sdk.Abstractions.csproj", "{577A8E79-A97B-47B4-85E6-E1368AA76439}"
EndProject
Project("{9A19103F-16F7-4668-BE54-9A1E7A4F7556}") = "AccelByte.Sdk.Core", "AccelByte.Sdk.Core\AccelByte.Sdk.Core.csproj", "{9F8EDA57-E6EF-452E-B4BC-3FA6F33B48D3}"
EndProject
Project("{2150E333-8FDC-42A3-9474-1A3956D46DE8}") = "apis", "apis", "{6F34025E-DE17-4034-B377-CC435F5102B5}"
EndProject
Project("{9A19103F-16F7-4668-BE54-9A1E7A4F7556}") = "AccelByte.Sdk.Api.Achievement", "apis\AccelByte.Sdk.Api.Achievement\AccelByte.Sdk.Api.Achievement.csproj", "{CEEF3ACB-D960-4C45-8760-DFB47EBEFD00}"
EndProject
Project("{9A19103F-16F7-4668-BE54-9A1E7A4F7556}") = "AccelByte.Sdk.Api.Basic", "apis\AccelByte.Sdk.Api.Basic\AccelByte.Sdk.Api.Basic.csproj", "{79D06355-CAC7-4489-9534-196B9543444A}"
EndProject
Project("{9A19103F-16F7-4668-BE54-9A1E7A4F7556}") = "AccelByte.Sdk.Api.Cloudsave", "apis\AccelByte.Sdk.Api.Cloudsave\AccelByte.Sdk.Api.Cloudsave.csproj", "{A8DD6679-ADF2-4685-94C9-3E569EEA659B}"
EndProject
Project("{9A19103F-16F7-4668-BE54-9A1E7A4F7556}") = "AccelByte.Sdk.Api.Dslogmanager", "apis\AccelByte.Sdk.Api.Dslogmanager\AccelByte.Sdk.Api.Dslogmanager.csproj", "{96078470-C31D-425D-A040-9DA1C6D2BDDE}"
EndProject
Project("{9A19103F-16F7-4668-BE54-9A1E7A4F7556}") = "AccelByte.Sdk.Api.Dsmc", "apis\AccelByte.Sdk.Api.Dsmc\AccelByte.Sdk.Api.Dsmc.csproj", "{8B748356-B61C-449A-9A72-F16E56D6D857}"
EndProject
Project("{9A19103F-16F7-4668-BE54-9A1E7A4F7556}") = "AccelByte.Sdk.Api.Eventlog", "apis\AccelByte.Sdk.Api.Eventlog\AccelByte.Sdk.Api.Eventlog.csproj", "{C3028AD5-5D88-4279-A7C6-958277BD30E0}"
EndProject
Project("{9A19103F-16F7-4668-BE54-9A1E7A4F7556}") = "AccelByte.Sdk.Api.Gametelemetry", "apis\AccelByte.Sdk.Api.Gametelemetry\AccelByte.Sdk.Api.Gametelemetry.csproj", "{FC5296E1-DCCE-4334-ACE9-B2D99438DB74}"
EndProject
Project("{9A19103F-16F7-4668-BE54-9A1E7A4F7556}") = "AccelByte.Sdk.Api.Gdpr", "apis\AccelByte.Sdk.Api.Gdpr\AccelByte.Sdk.Api.Gdpr.csproj", "{91FEEDD0-9592-4BD2-9ACF-A5AC8225B94D}"
EndProject
Project("{9A19103F-16F7-4668-BE54-9A1E7A4F7556}") = "AccelByte.Sdk.Api.Group", "apis\AccelByte.Sdk.Api.Group\AccelByte.Sdk.Api.Group.csproj", "{FF523394-A56C-42B1-9C21-70923E16AC27}"
EndProject
Project("{9A19103F-16F7-4668-BE54-9A1E7A4F7556}") = "AccelByte.Sdk.Api.Iam", "apis\AccelByte.Sdk.Api.Iam\AccelByte.Sdk.Api.Iam.csproj", "{289BAAA7-F1BF-4F6D-84A9-1B40B051D70B}"
EndProject
Project("{9A19103F-16F7-4668-BE54-9A1E7A4F7556}") = "AccelByte.Sdk.Api.Leaderboard", "apis\AccelByte.Sdk.Api.Leaderboard\AccelByte.Sdk.Api.Leaderboard.csproj", "{193C2BE0-380D-49E9-92DB-0C22ABA4F786}"
EndProject
Project("{9A19103F-16F7-4668-BE54-9A1E7A4F7556}") = "AccelByte.Sdk.Api.Legal", "apis\AccelByte.Sdk.Api.Legal\AccelByte.Sdk.Api.Legal.csproj", "{D9B843B4-64D6-400F-9663-CE3E7A034EEA}"
EndProject
Project("{9A19103F-16F7-4668-BE54-9A1E7A4F7556}") = "AccelByte.Sdk.Api.Lobby", "apis\AccelByte.Sdk.Api.Lobby\AccelByte.Sdk.Api.Lobby.csproj", "{6776F0AB-50EE-4A32-8E3E-851975D90FC7}"
EndProject
Project("{9A19103F-16F7-4668-BE54-9A1E7A4F7556}") = "AccelByte.Sdk.Api.Match2", "apis\AccelByte.Sdk.Api.Match2\AccelByte.Sdk.Api.Match2.csproj", "{A508E50F-0A8F-4B83-9719-7EE5BD0525C4}"
EndProject
Project("{9A19103F-16F7-4668-BE54-9A1E7A4F7556}") = "AccelByte.Sdk.Api.Matchmaking", "apis\AccelByte.Sdk.Api.Matchmaking\AccelByte.Sdk.Api.Matchmaking.csproj", "{41CB25F9-F484-4994-92EB-1CBD16E91791}"
EndProject
Project("{9A19103F-16F7-4668-BE54-9A1E7A4F7556}") = "AccelByte.Sdk.Api.Platform", "apis\AccelByte.Sdk.Api.Platform\AccelByte.Sdk.Api.Platform.csproj", "{181B4FB1-F61A-4F5E-B191-20CED8520218}"
EndProject
Project("{9A19103F-16F7-4668-BE54-9A1E7A4F7556}") = "AccelByte.Sdk.Api.Qosm", "apis\AccelByte.Sdk.Api.Qosm\AccelByte.Sdk.Api.Qosm.csproj", "{07FF4E07-F3CA-403B-B679-B6361B78B78E}"
EndProject
Project("{9A19103F-16F7-4668-BE54-9A1E7A4F7556}") = "AccelByte.Sdk.Api.Reporting", "apis\AccelByte.Sdk.Api.Reporting\AccelByte.Sdk.Api.Reporting.csproj", "{585207EC-E350-4832-8B21-6DC7898E1816}"
EndProject
Project("{9A19103F-16F7-4668-BE54-9A1E7A4F7556}") = "AccelByte.Sdk.Api.Seasonpass", "apis\AccelByte.Sdk.Api.Seasonpass\AccelByte.Sdk.Api.Seasonpass.csproj", "{1F4C487B-FAEE-4A25-83F5-250B94D1159D}"
EndProject
Project("{9A19103F-16F7-4668-BE54-9A1E7A4F7556}") = "AccelByte.Sdk.Api.Session", "apis\AccelByte.Sdk.Api.Session\AccelByte.Sdk.Api.Session.csproj", "{D623BF81-7E23-41E3-B044-F40496D95666}"
EndProject
Project("{9A19103F-16F7-4668-BE54-9A1E7A4F7556}") = "AccelByte.Sdk.Api.Sessionbrowser", "apis\AccelByte.Sdk.Api.Sessionbrowser\AccelByte.Sdk.Api.Sessionbrowser.csproj", "{E9221DC1-DA90-4F9F-AE76-EF5BB3648A45}"
EndProject
Project("{9A19103F-16F7-4668-BE54-9A1E7A4F7556}") = "AccelByte.Sdk.Api.Social", "apis\AccelByte.Sdk.Api.Social\AccelByte.Sdk.Api.Social.csproj", "{8684BCAC-B8CF-4B1F-B3C1-740E23032C10}"
EndProject
Project("{9A19103F-16F7-4668-BE54-9A1E7A4F7556}") = "AccelByte.Sdk.Api.Ugc", "apis\AccelByte.Sdk.Api.Ugc\AccelByte.Sdk.Api.Ugc.csproj", "{626A44DA-5177-4B51-AAA5-EAF6CBC9FE41}"
EndProject
Project("{9A19103F-16F7-4668-BE54-9A1E7A4F7556}") = "AccelByte.Sdk.Authentication", "AccelByte.Sdk.Authentication\AccelByte.Sdk.Authentication.csproj", "{EA2F3281-14BF-477B-93C2-5683805128FB}"
EndProject
Project("{9A19103F-16F7-4668-BE54-9A1E7A4F7556}") = "AccelByte.Sdk.Feature.AutoRefreshToken", "AccelByte.Sdk.Feature.AutoRefreshToken\AccelByte.Sdk.Feature.AutoRefreshToken.csproj", "{196648F9-FA10-48FB-8795-C786CBB9E0DF}"
EndProject
Project("{9A19103F-16F7-4668-BE54-9A1E7A4F7556}") = "AccelByte.Sdk.Feature.LocalTokenValidation", "AccelByte.Sdk.Feature.LocalTokenValidation\AccelByte.Sdk.Feature.LocalTokenValidation.csproj", "{A67E740A-0998-4F53-BCCF-40BDD0B312C0}"
EndProject
Project("{9A19103F-16F7-4668-BE54-9A1E7A4F7556}") = "AccelByte.Sdk.Compat", "AccelByte.Sdk.Compat\AccelByte.Sdk.Compat.csproj", "{D1EFC7DC-D0A5-4859-8727-C712AF2C5CAF}"
EndProject
Project("{9A19103F-16F7-4668-BE54-9A1E7A4F7556}") = "AccelByte.Sdk.Tests.Mod", "AccelByte.Sdk.Tests.Mod\AccelByte.Sdk.Tests.Mod.csproj", "{99D7B3E1-C6FF-4DF3-B55C-1FBEFF7212F3}"
EndProject
Project("{9A19103F-16F7-4668-BE54-9A1E7A4F7556}") = "AccelByte.Sdk.Tests", "AccelByte.Sdk.Tests\AccelByte.Sdk.Tests.csproj", "{D1FD4B61-6A47-4ECD-9A1D-30FF0B3F9069}"
EndProject
Project("{9A19103F-16F7-4668-BE54-9A1E7A4F7556}") = "AccelByte.Sdk.Api.Ams", "apis\AccelByte.Sdk.Api.Ams\AccelByte.Sdk.Api.Ams.csproj", "{85C32F62-194E-4AD5-BBC9-F8FA88293B21}"
EndProject
Project("{2150E333-8FDC-42A3-9474-1A3956D46DE8}") = "samples", "samples", "{8472313F-B140-4C96-A273-C3ECB50D8717}"
EndProject
Project("{9A19103F-16F7-4668-BE54-9A1E7A4F7556}") = "AccelByte.Sdk.Sample.GettingStarted", "samples\AccelByte.Sdk.Sample.GettingStarted\AccelByte.Sdk.Sample.GettingStarted.csproj", "{8933E0EA-E463-4845-BD0D-B36188F1AA80}"
EndProject
Project("{9A19103F-16F7-4668-BE54-9A1E7A4F7556}") = "AccelByte.Sdk.Sample.Cli", "samples\AccelByte.Sdk.Sample.Cli\AccelByte.Sdk.Sample.Cli.csproj", "{9781AC78-EBD8-4C58-9535-18B85F843441}"
EndProject
Project("{2150E333-8FDC-42A3-9474-1A3956D46DE8}") = "AccelByte.Sdk.Sample.Aws.Lambda", "AccelByte.Sdk.Sample.Aws.Lambda", "{95271080-B06D-4712-94D4-09900C546391}"
EndProject
Project("{2150E333-8FDC-42A3-9474-1A3956D46DE8}") = "src", "src", "{DF42FE42-6912-4108-B768-8A9E6A14E341}"
EndProject
Project("{2150E333-8FDC-42A3-9474-1A3956D46DE8}") = "test", "test", "{7ED4C109-0FAF-44B7-9ABE-948429D9EDD2}"
EndProject
Project("{9A19103F-16F7-4668-BE54-9A1E7A4F7556}") = "AccelByte.Sdk.Sample.Aws.Lambda", "samples\AccelByte.Sdk.Sample.Aws.Lambda\src\AccelByte.Sdk.Sample.Aws.Lambda\AccelByte.Sdk.Sample.Aws.Lambda.csproj", "{3611E2C3-C428-40ED-AFE2-8308957E45C7}"
EndProject
Project("{9A19103F-16F7-4668-BE54-9A1E7A4F7556}") = "AccelByte.Sdk.Sample.Aws.Lambda.Tests", "samples\AccelByte.Sdk.Sample.Aws.Lambda\test\AccelByte.Sdk.Sample.Aws.Lambda.Tests\AccelByte.Sdk.Sample.Aws.Lambda.Tests.csproj", "{598175BD-9C0A-4638-AFB2-188D642BE2D9}"
EndProject
Project("{9A19103F-16F7-4668-BE54-9A1E7A4F7556}") = "AccelByte.Sdk.Sample.TicTacToe.Server", "samples\AccelByte.Sdk.Sample.TicTacToe.Server\AccelByte.Sdk.Sample.TicTacToe.Server.csproj", "{400A8962-6EFA-4A7D-929D-C7938235D956}"
EndProject
Project("{9A19103F-16F7-4668-BE54-9A1E7A4F7556}") = "AccelByte.Sdk.Sample.TicTacToe.Game", "samples\AccelByte.Sdk.Sample.TicTacToe.Game\AccelByte.Sdk.Sample.TicTacToe.Game.csproj", "{F79D024A-6794-4972-860D-28DB9A9B38B4}"
EndProject
Project("{9A19103F-16F7-4668-BE54-9A1E7A4F7556}") = "AccelByte.Sdk.Sample.TicTacToe", "samples\AccelByte.Sdk.Sample.TicTacToe\AccelByte.Sdk.Sample.TicTacToe.csproj", "{15EB4B0F-1CF0-4D88-B1EE-454DE87E9861}"
EndProject
Project("{2150E333-8FDC-42A3-9474-1A3956D46DE8}") = "AccelByte.Sdk.Sample.TicTacToe.Lambda", "AccelByte.Sdk.Sample.TicTacToe.Lambda", "{A93E44E1-B9F3-409F-AAFA-766995DFADDA}"
EndProject
Project("{2150E333-8FDC-42A3-9474-1A3956D46DE8}") = "src", "src", "{D9A7D1AC-17F3-4B84-82F4-4BF29F0884F1}"
EndProject
Project("{2150E333-8FDC-42A3-9474-1A3956D46DE8}") = "test", "test", "{64957C7E-6F56-42E5-9647-2D71A7685486}"
EndProject
Project("{9A19103F-16F7-4668-BE54-9A1E7A4F7556}") = "AccelByte.Sdk.Sample.TicTacToe.Lambda", "samples\AccelByte.Sdk.Sample.TicTacToe.Lambda\src\AccelByte.Sdk.Sample.TicTacToe.Lambda\AccelByte.Sdk.Sample.TicTacToe.Lambda.csproj", "{DB1760EE-41EA-4171-9752-7357B98F3855}"
EndProject
Project("{9A19103F-16F7-4668-BE54-9A1E7A4F7556}") = "AccelByte.Sdk.Sample.TicTacToe.Lambda.Tests", "samples\AccelByte.Sdk.Sample.TicTacToe.Lambda\test\AccelByte.Sdk.Sample.TicTacToe.Lambda.Tests\AccelByte.Sdk.Sample.TicTacToe.Lambda.Tests.csproj", "{CC66006A-F119-45C3-A75A-B20082C755D9}"
EndProject
Project("{9A19103F-16F7-4668-BE54-9A1E7A4F7556}") = "AccelByte.Sdk.Sample.OIDC.Web", "samples\AccelByte.Sdk.Sample.OIDC.Web\AccelByte.Sdk.Sample.OIDC.Web.csproj", "{4C659080-FBF4-498A-B1B4-E38A5C850CEB}"
EndProject
Project("{9A19103F-16F7-4668-BE54-9A1E7A4F7556}") = "AccelByte.Sdk.Sample.CustomOperation", "samples\AccelByte.Sdk.Sample.CustomOperation\AccelByte.Sdk.Sample.CustomOperation.csproj", "{A8099710-9F0A-49CB-93B5-C26478218E2F}"
EndProject
Project("{9A19103F-16F7-4668-BE54-9A1E7A4F7556}") = "AccelByte.Sdk.Sample.CustomOperation.Tests", "samples\AccelByte.Sdk.Sample.CustomOperation.Tests\AccelByte.Sdk.Sample.CustomOperation.Tests.csproj", "{00CD93EE-4783-4954-BB09-E20115193DD4}"
EndProject
Project("{9A19103F-16F7-4668-BE54-9A1E7A4F7556}") = "AccelByte.Sdk.Sample.OnDemandTokenRefresh", "samples\AccelByte.Sdk.Sample.OnDemandTokenRefresh\AccelByte.Sdk.Sample.OnDemandTokenRefresh.csproj", "{F5E725C2-F302-48E8-8796-C70C28A1FDF8}"
EndProject
Project("{9A19103F-16F7-4668-BE54-9A1E7A4F7556}") = "AccelByte.Sdk.Api.Inventory", "apis\AccelByte.Sdk.Api.Inventory\AccelByte.Sdk.Api.Inventory.csproj", "{AECBEB5D-207A-4C83-94DF-22379BEA9574}"
EndProject
Project("{9A19103F-16F7-4668-BE54-9A1E7A4F7556}") = "AccelByte.Sdk.Api.Chat", "apis\AccelByte.Sdk.Api.Chat\AccelByte.Sdk.Api.Chat.csproj", "{3F1FCC46-26F6-4118-84F4-2D1703B06D78}"
EndProject
Global
	GlobalSection(SolutionConfigurationPlatforms) = preSolution
		Debug|Any CPU = Debug|Any CPU
		Release|Any CPU = Release|Any CPU
	EndGlobalSection
	GlobalSection(ProjectConfigurationPlatforms) = postSolution
		{577A8E79-A97B-47B4-85E6-E1368AA76439}.Debug|Any CPU.ActiveCfg = Debug|Any CPU
		{577A8E79-A97B-47B4-85E6-E1368AA76439}.Debug|Any CPU.Build.0 = Debug|Any CPU
		{577A8E79-A97B-47B4-85E6-E1368AA76439}.Release|Any CPU.ActiveCfg = Release|Any CPU
		{577A8E79-A97B-47B4-85E6-E1368AA76439}.Release|Any CPU.Build.0 = Release|Any CPU
		{9F8EDA57-E6EF-452E-B4BC-3FA6F33B48D3}.Debug|Any CPU.ActiveCfg = Debug|Any CPU
		{9F8EDA57-E6EF-452E-B4BC-3FA6F33B48D3}.Debug|Any CPU.Build.0 = Debug|Any CPU
		{9F8EDA57-E6EF-452E-B4BC-3FA6F33B48D3}.Release|Any CPU.ActiveCfg = Release|Any CPU
		{9F8EDA57-E6EF-452E-B4BC-3FA6F33B48D3}.Release|Any CPU.Build.0 = Release|Any CPU
		{CEEF3ACB-D960-4C45-8760-DFB47EBEFD00}.Debug|Any CPU.ActiveCfg = Debug|Any CPU
		{CEEF3ACB-D960-4C45-8760-DFB47EBEFD00}.Debug|Any CPU.Build.0 = Debug|Any CPU
		{CEEF3ACB-D960-4C45-8760-DFB47EBEFD00}.Release|Any CPU.ActiveCfg = Release|Any CPU
		{CEEF3ACB-D960-4C45-8760-DFB47EBEFD00}.Release|Any CPU.Build.0 = Release|Any CPU
		{79D06355-CAC7-4489-9534-196B9543444A}.Debug|Any CPU.ActiveCfg = Debug|Any CPU
		{79D06355-CAC7-4489-9534-196B9543444A}.Debug|Any CPU.Build.0 = Debug|Any CPU
		{79D06355-CAC7-4489-9534-196B9543444A}.Release|Any CPU.ActiveCfg = Release|Any CPU
		{79D06355-CAC7-4489-9534-196B9543444A}.Release|Any CPU.Build.0 = Release|Any CPU
		{A8DD6679-ADF2-4685-94C9-3E569EEA659B}.Debug|Any CPU.ActiveCfg = Debug|Any CPU
		{A8DD6679-ADF2-4685-94C9-3E569EEA659B}.Debug|Any CPU.Build.0 = Debug|Any CPU
		{A8DD6679-ADF2-4685-94C9-3E569EEA659B}.Release|Any CPU.ActiveCfg = Release|Any CPU
		{A8DD6679-ADF2-4685-94C9-3E569EEA659B}.Release|Any CPU.Build.0 = Release|Any CPU
		{96078470-C31D-425D-A040-9DA1C6D2BDDE}.Debug|Any CPU.ActiveCfg = Debug|Any CPU
		{96078470-C31D-425D-A040-9DA1C6D2BDDE}.Debug|Any CPU.Build.0 = Debug|Any CPU
		{96078470-C31D-425D-A040-9DA1C6D2BDDE}.Release|Any CPU.ActiveCfg = Release|Any CPU
		{96078470-C31D-425D-A040-9DA1C6D2BDDE}.Release|Any CPU.Build.0 = Release|Any CPU
		{8B748356-B61C-449A-9A72-F16E56D6D857}.Debug|Any CPU.ActiveCfg = Debug|Any CPU
		{8B748356-B61C-449A-9A72-F16E56D6D857}.Debug|Any CPU.Build.0 = Debug|Any CPU
		{8B748356-B61C-449A-9A72-F16E56D6D857}.Release|Any CPU.ActiveCfg = Release|Any CPU
		{8B748356-B61C-449A-9A72-F16E56D6D857}.Release|Any CPU.Build.0 = Release|Any CPU
		{C3028AD5-5D88-4279-A7C6-958277BD30E0}.Debug|Any CPU.ActiveCfg = Debug|Any CPU
		{C3028AD5-5D88-4279-A7C6-958277BD30E0}.Debug|Any CPU.Build.0 = Debug|Any CPU
		{C3028AD5-5D88-4279-A7C6-958277BD30E0}.Release|Any CPU.ActiveCfg = Release|Any CPU
		{C3028AD5-5D88-4279-A7C6-958277BD30E0}.Release|Any CPU.Build.0 = Release|Any CPU
		{FC5296E1-DCCE-4334-ACE9-B2D99438DB74}.Debug|Any CPU.ActiveCfg = Debug|Any CPU
		{FC5296E1-DCCE-4334-ACE9-B2D99438DB74}.Debug|Any CPU.Build.0 = Debug|Any CPU
		{FC5296E1-DCCE-4334-ACE9-B2D99438DB74}.Release|Any CPU.ActiveCfg = Release|Any CPU
		{FC5296E1-DCCE-4334-ACE9-B2D99438DB74}.Release|Any CPU.Build.0 = Release|Any CPU
		{91FEEDD0-9592-4BD2-9ACF-A5AC8225B94D}.Debug|Any CPU.ActiveCfg = Debug|Any CPU
		{91FEEDD0-9592-4BD2-9ACF-A5AC8225B94D}.Debug|Any CPU.Build.0 = Debug|Any CPU
		{91FEEDD0-9592-4BD2-9ACF-A5AC8225B94D}.Release|Any CPU.ActiveCfg = Release|Any CPU
		{91FEEDD0-9592-4BD2-9ACF-A5AC8225B94D}.Release|Any CPU.Build.0 = Release|Any CPU
		{FF523394-A56C-42B1-9C21-70923E16AC27}.Debug|Any CPU.ActiveCfg = Debug|Any CPU
		{FF523394-A56C-42B1-9C21-70923E16AC27}.Debug|Any CPU.Build.0 = Debug|Any CPU
		{FF523394-A56C-42B1-9C21-70923E16AC27}.Release|Any CPU.ActiveCfg = Release|Any CPU
		{FF523394-A56C-42B1-9C21-70923E16AC27}.Release|Any CPU.Build.0 = Release|Any CPU
		{289BAAA7-F1BF-4F6D-84A9-1B40B051D70B}.Debug|Any CPU.ActiveCfg = Debug|Any CPU
		{289BAAA7-F1BF-4F6D-84A9-1B40B051D70B}.Debug|Any CPU.Build.0 = Debug|Any CPU
		{289BAAA7-F1BF-4F6D-84A9-1B40B051D70B}.Release|Any CPU.ActiveCfg = Release|Any CPU
		{289BAAA7-F1BF-4F6D-84A9-1B40B051D70B}.Release|Any CPU.Build.0 = Release|Any CPU
		{193C2BE0-380D-49E9-92DB-0C22ABA4F786}.Debug|Any CPU.ActiveCfg = Debug|Any CPU
		{193C2BE0-380D-49E9-92DB-0C22ABA4F786}.Debug|Any CPU.Build.0 = Debug|Any CPU
		{193C2BE0-380D-49E9-92DB-0C22ABA4F786}.Release|Any CPU.ActiveCfg = Release|Any CPU
		{193C2BE0-380D-49E9-92DB-0C22ABA4F786}.Release|Any CPU.Build.0 = Release|Any CPU
		{D9B843B4-64D6-400F-9663-CE3E7A034EEA}.Debug|Any CPU.ActiveCfg = Debug|Any CPU
		{D9B843B4-64D6-400F-9663-CE3E7A034EEA}.Debug|Any CPU.Build.0 = Debug|Any CPU
		{D9B843B4-64D6-400F-9663-CE3E7A034EEA}.Release|Any CPU.ActiveCfg = Release|Any CPU
		{D9B843B4-64D6-400F-9663-CE3E7A034EEA}.Release|Any CPU.Build.0 = Release|Any CPU
		{6776F0AB-50EE-4A32-8E3E-851975D90FC7}.Debug|Any CPU.ActiveCfg = Debug|Any CPU
		{6776F0AB-50EE-4A32-8E3E-851975D90FC7}.Debug|Any CPU.Build.0 = Debug|Any CPU
		{6776F0AB-50EE-4A32-8E3E-851975D90FC7}.Release|Any CPU.ActiveCfg = Release|Any CPU
		{6776F0AB-50EE-4A32-8E3E-851975D90FC7}.Release|Any CPU.Build.0 = Release|Any CPU
		{A508E50F-0A8F-4B83-9719-7EE5BD0525C4}.Debug|Any CPU.ActiveCfg = Debug|Any CPU
		{A508E50F-0A8F-4B83-9719-7EE5BD0525C4}.Debug|Any CPU.Build.0 = Debug|Any CPU
		{A508E50F-0A8F-4B83-9719-7EE5BD0525C4}.Release|Any CPU.ActiveCfg = Release|Any CPU
		{A508E50F-0A8F-4B83-9719-7EE5BD0525C4}.Release|Any CPU.Build.0 = Release|Any CPU
		{41CB25F9-F484-4994-92EB-1CBD16E91791}.Debug|Any CPU.ActiveCfg = Debug|Any CPU
		{41CB25F9-F484-4994-92EB-1CBD16E91791}.Debug|Any CPU.Build.0 = Debug|Any CPU
		{41CB25F9-F484-4994-92EB-1CBD16E91791}.Release|Any CPU.ActiveCfg = Release|Any CPU
		{41CB25F9-F484-4994-92EB-1CBD16E91791}.Release|Any CPU.Build.0 = Release|Any CPU
		{181B4FB1-F61A-4F5E-B191-20CED8520218}.Debug|Any CPU.ActiveCfg = Debug|Any CPU
		{181B4FB1-F61A-4F5E-B191-20CED8520218}.Debug|Any CPU.Build.0 = Debug|Any CPU
		{181B4FB1-F61A-4F5E-B191-20CED8520218}.Release|Any CPU.ActiveCfg = Release|Any CPU
		{181B4FB1-F61A-4F5E-B191-20CED8520218}.Release|Any CPU.Build.0 = Release|Any CPU
		{07FF4E07-F3CA-403B-B679-B6361B78B78E}.Debug|Any CPU.ActiveCfg = Debug|Any CPU
		{07FF4E07-F3CA-403B-B679-B6361B78B78E}.Debug|Any CPU.Build.0 = Debug|Any CPU
		{07FF4E07-F3CA-403B-B679-B6361B78B78E}.Release|Any CPU.ActiveCfg = Release|Any CPU
		{07FF4E07-F3CA-403B-B679-B6361B78B78E}.Release|Any CPU.Build.0 = Release|Any CPU
		{585207EC-E350-4832-8B21-6DC7898E1816}.Debug|Any CPU.ActiveCfg = Debug|Any CPU
		{585207EC-E350-4832-8B21-6DC7898E1816}.Debug|Any CPU.Build.0 = Debug|Any CPU
		{585207EC-E350-4832-8B21-6DC7898E1816}.Release|Any CPU.ActiveCfg = Release|Any CPU
		{585207EC-E350-4832-8B21-6DC7898E1816}.Release|Any CPU.Build.0 = Release|Any CPU
		{1F4C487B-FAEE-4A25-83F5-250B94D1159D}.Debug|Any CPU.ActiveCfg = Debug|Any CPU
		{1F4C487B-FAEE-4A25-83F5-250B94D1159D}.Debug|Any CPU.Build.0 = Debug|Any CPU
		{1F4C487B-FAEE-4A25-83F5-250B94D1159D}.Release|Any CPU.ActiveCfg = Release|Any CPU
		{1F4C487B-FAEE-4A25-83F5-250B94D1159D}.Release|Any CPU.Build.0 = Release|Any CPU
		{D623BF81-7E23-41E3-B044-F40496D95666}.Debug|Any CPU.ActiveCfg = Debug|Any CPU
		{D623BF81-7E23-41E3-B044-F40496D95666}.Debug|Any CPU.Build.0 = Debug|Any CPU
		{D623BF81-7E23-41E3-B044-F40496D95666}.Release|Any CPU.ActiveCfg = Release|Any CPU
		{D623BF81-7E23-41E3-B044-F40496D95666}.Release|Any CPU.Build.0 = Release|Any CPU
		{E9221DC1-DA90-4F9F-AE76-EF5BB3648A45}.Debug|Any CPU.ActiveCfg = Debug|Any CPU
		{E9221DC1-DA90-4F9F-AE76-EF5BB3648A45}.Debug|Any CPU.Build.0 = Debug|Any CPU
		{E9221DC1-DA90-4F9F-AE76-EF5BB3648A45}.Release|Any CPU.ActiveCfg = Release|Any CPU
		{E9221DC1-DA90-4F9F-AE76-EF5BB3648A45}.Release|Any CPU.Build.0 = Release|Any CPU
		{8684BCAC-B8CF-4B1F-B3C1-740E23032C10}.Debug|Any CPU.ActiveCfg = Debug|Any CPU
		{8684BCAC-B8CF-4B1F-B3C1-740E23032C10}.Debug|Any CPU.Build.0 = Debug|Any CPU
		{8684BCAC-B8CF-4B1F-B3C1-740E23032C10}.Release|Any CPU.ActiveCfg = Release|Any CPU
		{8684BCAC-B8CF-4B1F-B3C1-740E23032C10}.Release|Any CPU.Build.0 = Release|Any CPU
		{626A44DA-5177-4B51-AAA5-EAF6CBC9FE41}.Debug|Any CPU.ActiveCfg = Debug|Any CPU
		{626A44DA-5177-4B51-AAA5-EAF6CBC9FE41}.Debug|Any CPU.Build.0 = Debug|Any CPU
		{626A44DA-5177-4B51-AAA5-EAF6CBC9FE41}.Release|Any CPU.ActiveCfg = Release|Any CPU
		{626A44DA-5177-4B51-AAA5-EAF6CBC9FE41}.Release|Any CPU.Build.0 = Release|Any CPU
		{EA2F3281-14BF-477B-93C2-5683805128FB}.Debug|Any CPU.ActiveCfg = Debug|Any CPU
		{EA2F3281-14BF-477B-93C2-5683805128FB}.Debug|Any CPU.Build.0 = Debug|Any CPU
		{EA2F3281-14BF-477B-93C2-5683805128FB}.Release|Any CPU.ActiveCfg = Release|Any CPU
		{EA2F3281-14BF-477B-93C2-5683805128FB}.Release|Any CPU.Build.0 = Release|Any CPU
		{196648F9-FA10-48FB-8795-C786CBB9E0DF}.Debug|Any CPU.ActiveCfg = Debug|Any CPU
		{196648F9-FA10-48FB-8795-C786CBB9E0DF}.Debug|Any CPU.Build.0 = Debug|Any CPU
		{196648F9-FA10-48FB-8795-C786CBB9E0DF}.Release|Any CPU.ActiveCfg = Release|Any CPU
		{196648F9-FA10-48FB-8795-C786CBB9E0DF}.Release|Any CPU.Build.0 = Release|Any CPU
		{A67E740A-0998-4F53-BCCF-40BDD0B312C0}.Debug|Any CPU.ActiveCfg = Debug|Any CPU
		{A67E740A-0998-4F53-BCCF-40BDD0B312C0}.Debug|Any CPU.Build.0 = Debug|Any CPU
		{A67E740A-0998-4F53-BCCF-40BDD0B312C0}.Release|Any CPU.ActiveCfg = Release|Any CPU
		{A67E740A-0998-4F53-BCCF-40BDD0B312C0}.Release|Any CPU.Build.0 = Release|Any CPU
		{D1EFC7DC-D0A5-4859-8727-C712AF2C5CAF}.Debug|Any CPU.ActiveCfg = Debug|Any CPU
		{D1EFC7DC-D0A5-4859-8727-C712AF2C5CAF}.Debug|Any CPU.Build.0 = Debug|Any CPU
		{D1EFC7DC-D0A5-4859-8727-C712AF2C5CAF}.Release|Any CPU.ActiveCfg = Release|Any CPU
		{D1EFC7DC-D0A5-4859-8727-C712AF2C5CAF}.Release|Any CPU.Build.0 = Release|Any CPU
		{99D7B3E1-C6FF-4DF3-B55C-1FBEFF7212F3}.Debug|Any CPU.ActiveCfg = Debug|Any CPU
		{99D7B3E1-C6FF-4DF3-B55C-1FBEFF7212F3}.Debug|Any CPU.Build.0 = Debug|Any CPU
		{99D7B3E1-C6FF-4DF3-B55C-1FBEFF7212F3}.Release|Any CPU.ActiveCfg = Release|Any CPU
		{99D7B3E1-C6FF-4DF3-B55C-1FBEFF7212F3}.Release|Any CPU.Build.0 = Release|Any CPU
		{D1FD4B61-6A47-4ECD-9A1D-30FF0B3F9069}.Debug|Any CPU.ActiveCfg = Debug|Any CPU
		{D1FD4B61-6A47-4ECD-9A1D-30FF0B3F9069}.Debug|Any CPU.Build.0 = Debug|Any CPU
		{D1FD4B61-6A47-4ECD-9A1D-30FF0B3F9069}.Release|Any CPU.ActiveCfg = Release|Any CPU
		{D1FD4B61-6A47-4ECD-9A1D-30FF0B3F9069}.Release|Any CPU.Build.0 = Release|Any CPU
		{85C32F62-194E-4AD5-BBC9-F8FA88293B21}.Debug|Any CPU.ActiveCfg = Debug|Any CPU
		{85C32F62-194E-4AD5-BBC9-F8FA88293B21}.Debug|Any CPU.Build.0 = Debug|Any CPU
		{85C32F62-194E-4AD5-BBC9-F8FA88293B21}.Release|Any CPU.ActiveCfg = Release|Any CPU
		{85C32F62-194E-4AD5-BBC9-F8FA88293B21}.Release|Any CPU.Build.0 = Release|Any CPU
		{8933E0EA-E463-4845-BD0D-B36188F1AA80}.Debug|Any CPU.ActiveCfg = Debug|Any CPU
		{8933E0EA-E463-4845-BD0D-B36188F1AA80}.Debug|Any CPU.Build.0 = Debug|Any CPU
		{8933E0EA-E463-4845-BD0D-B36188F1AA80}.Release|Any CPU.ActiveCfg = Release|Any CPU
		{8933E0EA-E463-4845-BD0D-B36188F1AA80}.Release|Any CPU.Build.0 = Release|Any CPU
		{9781AC78-EBD8-4C58-9535-18B85F843441}.Debug|Any CPU.ActiveCfg = Debug|Any CPU
		{9781AC78-EBD8-4C58-9535-18B85F843441}.Debug|Any CPU.Build.0 = Debug|Any CPU
		{9781AC78-EBD8-4C58-9535-18B85F843441}.Release|Any CPU.ActiveCfg = Release|Any CPU
		{9781AC78-EBD8-4C58-9535-18B85F843441}.Release|Any CPU.Build.0 = Release|Any CPU
		{3611E2C3-C428-40ED-AFE2-8308957E45C7}.Debug|Any CPU.ActiveCfg = Debug|Any CPU
		{3611E2C3-C428-40ED-AFE2-8308957E45C7}.Debug|Any CPU.Build.0 = Debug|Any CPU
		{3611E2C3-C428-40ED-AFE2-8308957E45C7}.Release|Any CPU.ActiveCfg = Release|Any CPU
		{3611E2C3-C428-40ED-AFE2-8308957E45C7}.Release|Any CPU.Build.0 = Release|Any CPU
		{598175BD-9C0A-4638-AFB2-188D642BE2D9}.Debug|Any CPU.ActiveCfg = Debug|Any CPU
		{598175BD-9C0A-4638-AFB2-188D642BE2D9}.Debug|Any CPU.Build.0 = Debug|Any CPU
		{598175BD-9C0A-4638-AFB2-188D642BE2D9}.Release|Any CPU.ActiveCfg = Release|Any CPU
		{598175BD-9C0A-4638-AFB2-188D642BE2D9}.Release|Any CPU.Build.0 = Release|Any CPU
		{400A8962-6EFA-4A7D-929D-C7938235D956}.Debug|Any CPU.ActiveCfg = Debug|Any CPU
		{400A8962-6EFA-4A7D-929D-C7938235D956}.Debug|Any CPU.Build.0 = Debug|Any CPU
		{400A8962-6EFA-4A7D-929D-C7938235D956}.Release|Any CPU.ActiveCfg = Release|Any CPU
		{400A8962-6EFA-4A7D-929D-C7938235D956}.Release|Any CPU.Build.0 = Release|Any CPU
		{F79D024A-6794-4972-860D-28DB9A9B38B4}.Debug|Any CPU.ActiveCfg = Debug|Any CPU
		{F79D024A-6794-4972-860D-28DB9A9B38B4}.Debug|Any CPU.Build.0 = Debug|Any CPU
		{F79D024A-6794-4972-860D-28DB9A9B38B4}.Release|Any CPU.ActiveCfg = Release|Any CPU
		{F79D024A-6794-4972-860D-28DB9A9B38B4}.Release|Any CPU.Build.0 = Release|Any CPU
		{15EB4B0F-1CF0-4D88-B1EE-454DE87E9861}.Debug|Any CPU.ActiveCfg = Debug|Any CPU
		{15EB4B0F-1CF0-4D88-B1EE-454DE87E9861}.Debug|Any CPU.Build.0 = Debug|Any CPU
		{15EB4B0F-1CF0-4D88-B1EE-454DE87E9861}.Release|Any CPU.ActiveCfg = Release|Any CPU
		{15EB4B0F-1CF0-4D88-B1EE-454DE87E9861}.Release|Any CPU.Build.0 = Release|Any CPU
		{DB1760EE-41EA-4171-9752-7357B98F3855}.Debug|Any CPU.ActiveCfg = Debug|Any CPU
		{DB1760EE-41EA-4171-9752-7357B98F3855}.Debug|Any CPU.Build.0 = Debug|Any CPU
		{DB1760EE-41EA-4171-9752-7357B98F3855}.Release|Any CPU.ActiveCfg = Release|Any CPU
		{DB1760EE-41EA-4171-9752-7357B98F3855}.Release|Any CPU.Build.0 = Release|Any CPU
		{CC66006A-F119-45C3-A75A-B20082C755D9}.Debug|Any CPU.ActiveCfg = Debug|Any CPU
		{CC66006A-F119-45C3-A75A-B20082C755D9}.Debug|Any CPU.Build.0 = Debug|Any CPU
		{CC66006A-F119-45C3-A75A-B20082C755D9}.Release|Any CPU.ActiveCfg = Release|Any CPU
		{CC66006A-F119-45C3-A75A-B20082C755D9}.Release|Any CPU.Build.0 = Release|Any CPU
		{4C659080-FBF4-498A-B1B4-E38A5C850CEB}.Debug|Any CPU.ActiveCfg = Debug|Any CPU
		{4C659080-FBF4-498A-B1B4-E38A5C850CEB}.Debug|Any CPU.Build.0 = Debug|Any CPU
		{4C659080-FBF4-498A-B1B4-E38A5C850CEB}.Release|Any CPU.ActiveCfg = Release|Any CPU
		{4C659080-FBF4-498A-B1B4-E38A5C850CEB}.Release|Any CPU.Build.0 = Release|Any CPU
		{A8099710-9F0A-49CB-93B5-C26478218E2F}.Debug|Any CPU.ActiveCfg = Debug|Any CPU
		{A8099710-9F0A-49CB-93B5-C26478218E2F}.Debug|Any CPU.Build.0 = Debug|Any CPU
		{A8099710-9F0A-49CB-93B5-C26478218E2F}.Release|Any CPU.ActiveCfg = Release|Any CPU
		{A8099710-9F0A-49CB-93B5-C26478218E2F}.Release|Any CPU.Build.0 = Release|Any CPU
		{00CD93EE-4783-4954-BB09-E20115193DD4}.Debug|Any CPU.ActiveCfg = Debug|Any CPU
		{00CD93EE-4783-4954-BB09-E20115193DD4}.Debug|Any CPU.Build.0 = Debug|Any CPU
		{00CD93EE-4783-4954-BB09-E20115193DD4}.Release|Any CPU.ActiveCfg = Release|Any CPU
		{00CD93EE-4783-4954-BB09-E20115193DD4}.Release|Any CPU.Build.0 = Release|Any CPU
		{F5E725C2-F302-48E8-8796-C70C28A1FDF8}.Debug|Any CPU.ActiveCfg = Debug|Any CPU
		{F5E725C2-F302-48E8-8796-C70C28A1FDF8}.Debug|Any CPU.Build.0 = Debug|Any CPU
		{F5E725C2-F302-48E8-8796-C70C28A1FDF8}.Release|Any CPU.ActiveCfg = Release|Any CPU
		{F5E725C2-F302-48E8-8796-C70C28A1FDF8}.Release|Any CPU.Build.0 = Release|Any CPU
		{AECBEB5D-207A-4C83-94DF-22379BEA9574}.Debug|Any CPU.ActiveCfg = Debug|Any CPU
		{AECBEB5D-207A-4C83-94DF-22379BEA9574}.Debug|Any CPU.Build.0 = Debug|Any CPU
		{AECBEB5D-207A-4C83-94DF-22379BEA9574}.Release|Any CPU.ActiveCfg = Release|Any CPU
		{AECBEB5D-207A-4C83-94DF-22379BEA9574}.Release|Any CPU.Build.0 = Release|Any CPU
		{3F1FCC46-26F6-4118-84F4-2D1703B06D78}.Debug|Any CPU.ActiveCfg = Debug|Any CPU
		{3F1FCC46-26F6-4118-84F4-2D1703B06D78}.Debug|Any CPU.Build.0 = Debug|Any CPU
		{3F1FCC46-26F6-4118-84F4-2D1703B06D78}.Release|Any CPU.ActiveCfg = Release|Any CPU
		{3F1FCC46-26F6-4118-84F4-2D1703B06D78}.Release|Any CPU.Build.0 = Release|Any CPU
	EndGlobalSection
	GlobalSection(SolutionProperties) = preSolution
		HideSolutionNode = FALSE
	EndGlobalSection
	GlobalSection(NestedProjects) = preSolution
		{CEEF3ACB-D960-4C45-8760-DFB47EBEFD00} = {6F34025E-DE17-4034-B377-CC435F5102B5}
		{79D06355-CAC7-4489-9534-196B9543444A} = {6F34025E-DE17-4034-B377-CC435F5102B5}
		{A8DD6679-ADF2-4685-94C9-3E569EEA659B} = {6F34025E-DE17-4034-B377-CC435F5102B5}
		{96078470-C31D-425D-A040-9DA1C6D2BDDE} = {6F34025E-DE17-4034-B377-CC435F5102B5}
		{8B748356-B61C-449A-9A72-F16E56D6D857} = {6F34025E-DE17-4034-B377-CC435F5102B5}
		{C3028AD5-5D88-4279-A7C6-958277BD30E0} = {6F34025E-DE17-4034-B377-CC435F5102B5}
		{FC5296E1-DCCE-4334-ACE9-B2D99438DB74} = {6F34025E-DE17-4034-B377-CC435F5102B5}
		{91FEEDD0-9592-4BD2-9ACF-A5AC8225B94D} = {6F34025E-DE17-4034-B377-CC435F5102B5}
		{FF523394-A56C-42B1-9C21-70923E16AC27} = {6F34025E-DE17-4034-B377-CC435F5102B5}
		{289BAAA7-F1BF-4F6D-84A9-1B40B051D70B} = {6F34025E-DE17-4034-B377-CC435F5102B5}
		{193C2BE0-380D-49E9-92DB-0C22ABA4F786} = {6F34025E-DE17-4034-B377-CC435F5102B5}
		{D9B843B4-64D6-400F-9663-CE3E7A034EEA} = {6F34025E-DE17-4034-B377-CC435F5102B5}
		{6776F0AB-50EE-4A32-8E3E-851975D90FC7} = {6F34025E-DE17-4034-B377-CC435F5102B5}
		{A508E50F-0A8F-4B83-9719-7EE5BD0525C4} = {6F34025E-DE17-4034-B377-CC435F5102B5}
		{41CB25F9-F484-4994-92EB-1CBD16E91791} = {6F34025E-DE17-4034-B377-CC435F5102B5}
		{181B4FB1-F61A-4F5E-B191-20CED8520218} = {6F34025E-DE17-4034-B377-CC435F5102B5}
		{07FF4E07-F3CA-403B-B679-B6361B78B78E} = {6F34025E-DE17-4034-B377-CC435F5102B5}
		{585207EC-E350-4832-8B21-6DC7898E1816} = {6F34025E-DE17-4034-B377-CC435F5102B5}
		{1F4C487B-FAEE-4A25-83F5-250B94D1159D} = {6F34025E-DE17-4034-B377-CC435F5102B5}
		{D623BF81-7E23-41E3-B044-F40496D95666} = {6F34025E-DE17-4034-B377-CC435F5102B5}
		{E9221DC1-DA90-4F9F-AE76-EF5BB3648A45} = {6F34025E-DE17-4034-B377-CC435F5102B5}
		{8684BCAC-B8CF-4B1F-B3C1-740E23032C10} = {6F34025E-DE17-4034-B377-CC435F5102B5}
		{626A44DA-5177-4B51-AAA5-EAF6CBC9FE41} = {6F34025E-DE17-4034-B377-CC435F5102B5}
		{85C32F62-194E-4AD5-BBC9-F8FA88293B21} = {6F34025E-DE17-4034-B377-CC435F5102B5}
		{8933E0EA-E463-4845-BD0D-B36188F1AA80} = {8472313F-B140-4C96-A273-C3ECB50D8717}
		{9781AC78-EBD8-4C58-9535-18B85F843441} = {8472313F-B140-4C96-A273-C3ECB50D8717}
		{95271080-B06D-4712-94D4-09900C546391} = {8472313F-B140-4C96-A273-C3ECB50D8717}
		{DF42FE42-6912-4108-B768-8A9E6A14E341} = {95271080-B06D-4712-94D4-09900C546391}
		{7ED4C109-0FAF-44B7-9ABE-948429D9EDD2} = {95271080-B06D-4712-94D4-09900C546391}
		{3611E2C3-C428-40ED-AFE2-8308957E45C7} = {DF42FE42-6912-4108-B768-8A9E6A14E341}
		{598175BD-9C0A-4638-AFB2-188D642BE2D9} = {7ED4C109-0FAF-44B7-9ABE-948429D9EDD2}
		{400A8962-6EFA-4A7D-929D-C7938235D956} = {8472313F-B140-4C96-A273-C3ECB50D8717}
		{F79D024A-6794-4972-860D-28DB9A9B38B4} = {8472313F-B140-4C96-A273-C3ECB50D8717}
		{15EB4B0F-1CF0-4D88-B1EE-454DE87E9861} = {8472313F-B140-4C96-A273-C3ECB50D8717}
		{A93E44E1-B9F3-409F-AAFA-766995DFADDA} = {8472313F-B140-4C96-A273-C3ECB50D8717}
		{D9A7D1AC-17F3-4B84-82F4-4BF29F0884F1} = {A93E44E1-B9F3-409F-AAFA-766995DFADDA}
		{64957C7E-6F56-42E5-9647-2D71A7685486} = {A93E44E1-B9F3-409F-AAFA-766995DFADDA}
		{DB1760EE-41EA-4171-9752-7357B98F3855} = {D9A7D1AC-17F3-4B84-82F4-4BF29F0884F1}
		{CC66006A-F119-45C3-A75A-B20082C755D9} = {64957C7E-6F56-42E5-9647-2D71A7685486}
		{4C659080-FBF4-498A-B1B4-E38A5C850CEB} = {8472313F-B140-4C96-A273-C3ECB50D8717}
		{A8099710-9F0A-49CB-93B5-C26478218E2F} = {8472313F-B140-4C96-A273-C3ECB50D8717}
		{00CD93EE-4783-4954-BB09-E20115193DD4} = {8472313F-B140-4C96-A273-C3ECB50D8717}
		{F5E725C2-F302-48E8-8796-C70C28A1FDF8} = {8472313F-B140-4C96-A273-C3ECB50D8717}
		{AECBEB5D-207A-4C83-94DF-22379BEA9574} = {6F34025E-DE17-4034-B377-CC435F5102B5}
		{3F1FCC46-26F6-4118-84F4-2D1703B06D78} = {6F34025E-DE17-4034-B377-CC435F5102B5}
	EndGlobalSection
	GlobalSection(ExtensibilityGlobals) = postSolution
		SolutionGuid = {4EAFA846-7587-4FA9-A922-E501D7FBA11A}
	EndGlobalSection
EndGlobal
